
Microsoft Visual Studio Solution File, Format Version 12.00
# Visual Studio Version 17
VisualStudioVersion = 17.11.35303.130
MinimumVisualStudioVersion = 10.0.40219.1
Project("{9A19103F-16F7-4668-BE54-9A1E7A4F7556}") = "TagsCloudContainer", "TagsCloudContainer.csproj", "{468DF4A6-3C4A-4517-A5A5-30B96E2D8EC8}"
EndProject
Project("{9A19103F-16F7-4668-BE54-9A1E7A4F7556}") = "TagCloudContainerTests", "..\TagCloudContainerTests\TagCloudContainerTests.csproj", "{AAFEE184-BFF5-47B3-9B3B-97654DED9DBF}"
EndProject
Global
	GlobalSection(SolutionConfigurationPlatforms) = preSolution
		Debug|Any CPU = Debug|Any CPU
		Release|Any CPU = Release|Any CPU
	EndGlobalSection
	GlobalSection(ProjectConfigurationPlatforms) = postSolution
		{468DF4A6-3C4A-4517-A5A5-30B96E2D8EC8}.Debug|Any CPU.ActiveCfg = Debug|Any CPU
		{468DF4A6-3C4A-4517-A5A5-30B96E2D8EC8}.Debug|Any CPU.Build.0 = Debug|Any CPU
		{468DF4A6-3C4A-4517-A5A5-30B96E2D8EC8}.Release|Any CPU.ActiveCfg = Release|Any CPU
		{468DF4A6-3C4A-4517-A5A5-30B96E2D8EC8}.Release|Any CPU.Build.0 = Release|Any CPU
		{AAFEE184-BFF5-47B3-9B3B-97654DED9DBF}.Debug|Any CPU.ActiveCfg = Debug|Any CPU
		{AAFEE184-BFF5-47B3-9B3B-97654DED9DBF}.Debug|Any CPU.Build.0 = Debug|Any CPU
		{AAFEE184-BFF5-47B3-9B3B-97654DED9DBF}.Release|Any CPU.ActiveCfg = Release|Any CPU
		{AAFEE184-BFF5-47B3-9B3B-97654DED9DBF}.Release|Any CPU.Build.0 = Release|Any CPU
	EndGlobalSection
	GlobalSection(SolutionProperties) = preSolution
		HideSolutionNode = FALSE
	EndGlobalSection
	GlobalSection(ExtensibilityGlobals) = postSolution
		SolutionGuid = {1090FEC2-F19E-4634-8E98-CBE768CB11D4}
	EndGlobalSection
EndGlobal
